
Microsoft Visual Studio Solution File, Format Version 12.00
# Visual Studio Version 17
VisualStudioVersion = 17.6.33723.286
MinimumVisualStudioVersion = 10.0.40219.1
Project("{FAE04EC0-301F-11D3-BF4B-00C04F79EFBC}") = "prueba_cft", "prueba_cft\prueba_cft.csproj", "{77018125-31D3-4CEF-BE96-D09688D03EB8}"
EndProject
Global
	GlobalSection(SolutionConfigurationPlatforms) = preSolution
		Debug|Any CPU = Debug|Any CPU
		Release|Any CPU = Release|Any CPU
	EndGlobalSection
	GlobalSection(ProjectConfigurationPlatforms) = postSolution
		{77018125-31D3-4CEF-BE96-D09688D03EB8}.Debug|Any CPU.ActiveCfg = Debug|Any CPU
		{77018125-31D3-4CEF-BE96-D09688D03EB8}.Debug|Any CPU.Build.0 = Debug|Any CPU
		{77018125-31D3-4CEF-BE96-D09688D03EB8}.Release|Any CPU.ActiveCfg = Release|Any CPU
		{77018125-31D3-4CEF-BE96-D09688D03EB8}.Release|Any CPU.Build.0 = Release|Any CPU
	EndGlobalSection
	GlobalSection(SolutionProperties) = preSolution
		HideSolutionNode = FALSE
	EndGlobalSection
	GlobalSection(ExtensibilityGlobals) = postSolution
		SolutionGuid = {778BD2A7-2753-4026-B6E1-44CCAC7A91BD}
	EndGlobalSection
EndGlobal
